
Microsoft Visual Studio Solution File, Format Version 12.00
# Visual Studio 15
VisualStudioVersion = 15.0.27130.2010
MinimumVisualStudioVersion = 10.0.40219.1
Project("{8BC9CEB8-8B4A-11D0-8D11-00A0C91BC942}") = "ShootTCP", "ShootTCP\ShootTCP.vcxproj", "{0AD0E710-9133-4EFB-8472-3044CB35150D}"
EndProject
Global
	GlobalSection(SolutionConfigurationPlatforms) = preSolution
		Debug|x64 = Debug|x64
		Debug|x86 = Debug|x86
		Release|x64 = Release|x64
		Release|x86 = Release|x86
	EndGlobalSection
	GlobalSection(ProjectConfigurationPlatforms) = postSolution
		{0AD0E710-9133-4EFB-8472-3044CB35150D}.Debug|x64.ActiveCfg = Debug|x64
		{0AD0E710-9133-4EFB-8472-3044CB35150D}.Debug|x64.Build.0 = Debug|x64
		{0AD0E710-9133-4EFB-8472-3044CB35150D}.Debug|x86.ActiveCfg = Debug|Win32
		{0AD0E710-9133-4EFB-8472-3044CB35150D}.Debug|x86.Build.0 = Debug|Win32
		{0AD0E710-9133-4EFB-8472-3044CB35150D}.Release|x64.ActiveCfg = Release|x64
		{0AD0E710-9133-4EFB-8472-3044CB35150D}.Release|x64.Build.0 = Release|x64
		{0AD0E710-9133-4EFB-8472-3044CB35150D}.Release|x86.ActiveCfg = Release|Win32
		{0AD0E710-9133-4EFB-8472-3044CB35150D}.Release|x86.Build.0 = Release|Win32
	EndGlobalSection
	GlobalSection(SolutionProperties) = preSolution
		HideSolutionNode = FALSE
	EndGlobalSection
	GlobalSection(ExtensibilityGlobals) = postSolution
		SolutionGuid = {AD702AEA-6258-4CEC-89B3-57C5E93F77C2}
	EndGlobalSection
EndGlobal
